
Microsoft Visual Studio Solution File, Format Version 12.00
# Visual Studio Version 16
VisualStudioVersion = 16.0.31105.61
MinimumVisualStudioVersion = 10.0.40219.1
Project("{FAE04EC0-301F-11D3-BF4B-00C04F79EFBC}") = "apiDoble", "apiDoble\apiDoble.csproj", "{7EDA0A16-51D7-4847-AE1F-B599B4EA76CE}"
EndProject
Project("{FAE04EC0-301F-11D3-BF4B-00C04F79EFBC}") = "fncImpar", "fncImpar\fncImpar.csproj", "{2427947C-C79C-45B7-8C9F-395E559E3630}"
EndProject
Global
	GlobalSection(SolutionConfigurationPlatforms) = preSolution
		Debug|Any CPU = Debug|Any CPU
		Release|Any CPU = Release|Any CPU
	EndGlobalSection
	GlobalSection(ProjectConfigurationPlatforms) = postSolution
		{7EDA0A16-51D7-4847-AE1F-B599B4EA76CE}.Debug|Any CPU.ActiveCfg = Debug|Any CPU
		{7EDA0A16-51D7-4847-AE1F-B599B4EA76CE}.Debug|Any CPU.Build.0 = Debug|Any CPU
		{7EDA0A16-51D7-4847-AE1F-B599B4EA76CE}.Release|Any CPU.ActiveCfg = Release|Any CPU
		{7EDA0A16-51D7-4847-AE1F-B599B4EA76CE}.Release|Any CPU.Build.0 = Release|Any CPU
		{2427947C-C79C-45B7-8C9F-395E559E3630}.Debug|Any CPU.ActiveCfg = Debug|Any CPU
		{2427947C-C79C-45B7-8C9F-395E559E3630}.Debug|Any CPU.Build.0 = Debug|Any CPU
		{2427947C-C79C-45B7-8C9F-395E559E3630}.Release|Any CPU.ActiveCfg = Release|Any CPU
		{2427947C-C79C-45B7-8C9F-395E559E3630}.Release|Any CPU.Build.0 = Release|Any CPU
	EndGlobalSection
	GlobalSection(SolutionProperties) = preSolution
		HideSolutionNode = FALSE
	EndGlobalSection
	GlobalSection(ExtensibilityGlobals) = postSolution
		SolutionGuid = {9DE42C6B-B71C-4628-B290-A386AA6C9866}
	EndGlobalSection
EndGlobal
